
Microsoft Visual Studio Solution File, Format Version 12.00
# Visual Studio Version 17
VisualStudioVersion = 17.2.32526.322
MinimumVisualStudioVersion = 10.0.40219.1
Project("{FAE04EC0-301F-11D3-BF4B-00C04F79EFBC}") = "WebApplication1", "WebApplication1\WebApplication1.csproj", "{864AEC30-B2B7-4FE3-9280-1F83E582B954}"
EndProject
Global
	GlobalSection(SolutionConfigurationPlatforms) = preSolution
		Debug|Any CPU = Debug|Any CPU
		Release|Any CPU = Release|Any CPU
	EndGlobalSection
	GlobalSection(ProjectConfigurationPlatforms) = postSolution
		{864AEC30-B2B7-4FE3-9280-1F83E582B954}.Debug|Any CPU.ActiveCfg = Debug|Any CPU
		{864AEC30-B2B7-4FE3-9280-1F83E582B954}.Debug|Any CPU.Build.0 = Debug|Any CPU
		{864AEC30-B2B7-4FE3-9280-1F83E582B954}.Release|Any CPU.ActiveCfg = Release|Any CPU
		{864AEC30-B2B7-4FE3-9280-1F83E582B954}.Release|Any CPU.Build.0 = Release|Any CPU
	EndGlobalSection
	GlobalSection(SolutionProperties) = preSolution
		HideSolutionNode = FALSE
	EndGlobalSection
	GlobalSection(ExtensibilityGlobals) = postSolution
		SolutionGuid = {0F060B08-B841-4356-B7E4-7CBA070C76F0}
	EndGlobalSection
EndGlobal
